
Microsoft Visual Studio Solution File, Format Version 12.00
# Visual Studio Version 16
VisualStudioVersion = 16.0.30204.135
MinimumVisualStudioVersion = 10.0.40219.1
Project("{9A19103F-16F7-4668-BE54-9A1E7A4F7556}") = "Injector", "Injector.csproj", "{37F5DA8D-C8C7-4377-BAD3-CAFF2C8C8190}"
EndProject
Global
	GlobalSection(SolutionConfigurationPlatforms) = preSolution
		Debug|Any CPU = Debug|Any CPU
		Release|Any CPU = Release|Any CPU
	EndGlobalSection
	GlobalSection(ProjectConfigurationPlatforms) = postSolution
		{37F5DA8D-C8C7-4377-BAD3-CAFF2C8C8190}.Debug|Any CPU.ActiveCfg = Debug|Any CPU
		{37F5DA8D-C8C7-4377-BAD3-CAFF2C8C8190}.Debug|Any CPU.Build.0 = Debug|Any CPU
		{37F5DA8D-C8C7-4377-BAD3-CAFF2C8C8190}.Release|Any CPU.ActiveCfg = Release|Any CPU
		{37F5DA8D-C8C7-4377-BAD3-CAFF2C8C8190}.Release|Any CPU.Build.0 = Release|Any CPU
	EndGlobalSection
	GlobalSection(SolutionProperties) = preSolution
		HideSolutionNode = FALSE
	EndGlobalSection
	GlobalSection(ExtensibilityGlobals) = postSolution
		SolutionGuid = {D5E79BE9-F3AF-4CB4-BEAF-6506EB2DB657}
	EndGlobalSection
EndGlobal
